
Microsoft Visual Studio Solution File, Format Version 11.00
# Visual Studio 2010
Project("{F184B08F-C81C-45F6-A57F-5ABD9991F28F}") = "PhoneBook.Vb", "PhoneBook.Vb.vbproj", "{179608E3-9E19-4DFC-8FE9-6112DC107FF7}"
EndProject
Project("{FAE04EC0-301F-11D3-BF4B-00C04F79EFBC}") = "codeding.Articles.DynamicDataGrid", "..\..\..\Codeding Article\codeding.Articles.DynamicDataGrid\codeding.Articles.DynamicDataGrid.csproj", "{32428D49-93BD-47CF-8928-51251B9960F0}"
EndProject
Project("{FAE04EC0-301F-11D3-BF4B-00C04F79EFBC}") = "codeding.Articles.DynamicDataGrid.Web", "..\..\..\Codeding Article\codeding.Articles.DynamicDataGrid.Web\codeding.Articles.DynamicDataGrid.Web.csproj", "{93F3A748-F424-4BD6-AC68-55F52C998CF4}"
EndProject
Project("{FAE04EC0-301F-11D3-BF4B-00C04F79EFBC}") = "sql DB example cs", "..\..\..\SQL DB\C#\sql DB example cs\sql DB example cs.csproj", "{7CAB49A9-135C-48E4-936A-458EEEF3D933}"
EndProject
Project("{FAE04EC0-301F-11D3-BF4B-00C04F79EFBC}") = "EffectiveSearchInXML", "..\..\..\Effective XML Search\EffectiveSearchInXML\EffectiveSearchInXML.csproj", "{2B83E3F4-30C9-491F-8FB9-DF6449CDC0E3}"
EndProject
Global
	GlobalSection(SolutionConfigurationPlatforms) = preSolution
		Debug|Any CPU = Debug|Any CPU
		Debug|Mixed Platforms = Debug|Mixed Platforms
		Debug|x86 = Debug|x86
		Release|Any CPU = Release|Any CPU
		Release|Mixed Platforms = Release|Mixed Platforms
		Release|x86 = Release|x86
	EndGlobalSection
	GlobalSection(ProjectConfigurationPlatforms) = postSolution
		{179608E3-9E19-4DFC-8FE9-6112DC107FF7}.Debug|Any CPU.ActiveCfg = Debug|x86
		{179608E3-9E19-4DFC-8FE9-6112DC107FF7}.Debug|Mixed Platforms.ActiveCfg = Debug|x86
		{179608E3-9E19-4DFC-8FE9-6112DC107FF7}.Debug|Mixed Platforms.Build.0 = Debug|x86
		{179608E3-9E19-4DFC-8FE9-6112DC107FF7}.Debug|x86.ActiveCfg = Debug|x86
		{179608E3-9E19-4DFC-8FE9-6112DC107FF7}.Debug|x86.Build.0 = Debug|x86
		{179608E3-9E19-4DFC-8FE9-6112DC107FF7}.Release|Any CPU.ActiveCfg = Release|x86
		{179608E3-9E19-4DFC-8FE9-6112DC107FF7}.Release|Mixed Platforms.ActiveCfg = Release|x86
		{179608E3-9E19-4DFC-8FE9-6112DC107FF7}.Release|Mixed Platforms.Build.0 = Release|x86
		{179608E3-9E19-4DFC-8FE9-6112DC107FF7}.Release|x86.ActiveCfg = Release|x86
		{179608E3-9E19-4DFC-8FE9-6112DC107FF7}.Release|x86.Build.0 = Release|x86
		{32428D49-93BD-47CF-8928-51251B9960F0}.Debug|Any CPU.ActiveCfg = Debug|Any CPU
		{32428D49-93BD-47CF-8928-51251B9960F0}.Debug|Any CPU.Build.0 = Debug|Any CPU
		{32428D49-93BD-47CF-8928-51251B9960F0}.Debug|Mixed Platforms.ActiveCfg = Debug|Any CPU
		{32428D49-93BD-47CF-8928-51251B9960F0}.Debug|Mixed Platforms.Build.0 = Debug|Any CPU
		{32428D49-93BD-47CF-8928-51251B9960F0}.Debug|x86.ActiveCfg = Debug|Any CPU
		{32428D49-93BD-47CF-8928-51251B9960F0}.Release|Any CPU.ActiveCfg = Release|Any CPU
		{32428D49-93BD-47CF-8928-51251B9960F0}.Release|Any CPU.Build.0 = Release|Any CPU
		{32428D49-93BD-47CF-8928-51251B9960F0}.Release|Mixed Platforms.ActiveCfg = Release|Any CPU
		{32428D49-93BD-47CF-8928-51251B9960F0}.Release|Mixed Platforms.Build.0 = Release|Any CPU
		{32428D49-93BD-47CF-8928-51251B9960F0}.Release|x86.ActiveCfg = Release|Any CPU
		{93F3A748-F424-4BD6-AC68-55F52C998CF4}.Debug|Any CPU.ActiveCfg = Debug|Any CPU
		{93F3A748-F424-4BD6-AC68-55F52C998CF4}.Debug|Any CPU.Build.0 = Debug|Any CPU
		{93F3A748-F424-4BD6-AC68-55F52C998CF4}.Debug|Mixed Platforms.ActiveCfg = Debug|Any CPU
		{93F3A748-F424-4BD6-AC68-55F52C998CF4}.Debug|Mixed Platforms.Build.0 = Debug|Any CPU
		{93F3A748-F424-4BD6-AC68-55F52C998CF4}.Debug|x86.ActiveCfg = Debug|Any CPU
		{93F3A748-F424-4BD6-AC68-55F52C998CF4}.Release|Any CPU.ActiveCfg = Release|Any CPU
		{93F3A748-F424-4BD6-AC68-55F52C998CF4}.Release|Any CPU.Build.0 = Release|Any CPU
		{93F3A748-F424-4BD6-AC68-55F52C998CF4}.Release|Mixed Platforms.ActiveCfg = Release|Any CPU
		{93F3A748-F424-4BD6-AC68-55F52C998CF4}.Release|Mixed Platforms.Build.0 = Release|Any CPU
		{93F3A748-F424-4BD6-AC68-55F52C998CF4}.Release|x86.ActiveCfg = Release|Any CPU
		{7CAB49A9-135C-48E4-936A-458EEEF3D933}.Debug|Any CPU.ActiveCfg = Debug|Any CPU
		{7CAB49A9-135C-48E4-936A-458EEEF3D933}.Debug|Any CPU.Build.0 = Debug|Any CPU
		{7CAB49A9-135C-48E4-936A-458EEEF3D933}.Debug|Mixed Platforms.ActiveCfg = Debug|Any CPU
		{7CAB49A9-135C-48E4-936A-458EEEF3D933}.Debug|Mixed Platforms.Build.0 = Debug|Any CPU
		{7CAB49A9-135C-48E4-936A-458EEEF3D933}.Debug|x86.ActiveCfg = Debug|Any CPU
		{7CAB49A9-135C-48E4-936A-458EEEF3D933}.Release|Any CPU.ActiveCfg = Release|Any CPU
		{7CAB49A9-135C-48E4-936A-458EEEF3D933}.Release|Any CPU.Build.0 = Release|Any CPU
		{7CAB49A9-135C-48E4-936A-458EEEF3D933}.Release|Mixed Platforms.ActiveCfg = Release|Any CPU
		{7CAB49A9-135C-48E4-936A-458EEEF3D933}.Release|Mixed Platforms.Build.0 = Release|Any CPU
		{7CAB49A9-135C-48E4-936A-458EEEF3D933}.Release|x86.ActiveCfg = Release|Any CPU
		{2B83E3F4-30C9-491F-8FB9-DF6449CDC0E3}.Debug|Any CPU.ActiveCfg = Debug|x86
		{2B83E3F4-30C9-491F-8FB9-DF6449CDC0E3}.Debug|Mixed Platforms.ActiveCfg = Debug|x86
		{2B83E3F4-30C9-491F-8FB9-DF6449CDC0E3}.Debug|Mixed Platforms.Build.0 = Debug|x86
		{2B83E3F4-30C9-491F-8FB9-DF6449CDC0E3}.Debug|x86.ActiveCfg = Debug|x86
		{2B83E3F4-30C9-491F-8FB9-DF6449CDC0E3}.Debug|x86.Build.0 = Debug|x86
		{2B83E3F4-30C9-491F-8FB9-DF6449CDC0E3}.Release|Any CPU.ActiveCfg = Release|x86
		{2B83E3F4-30C9-491F-8FB9-DF6449CDC0E3}.Release|Mixed Platforms.ActiveCfg = Release|x86
		{2B83E3F4-30C9-491F-8FB9-DF6449CDC0E3}.Release|Mixed Platforms.Build.0 = Release|x86
		{2B83E3F4-30C9-491F-8FB9-DF6449CDC0E3}.Release|x86.ActiveCfg = Release|x86
		{2B83E3F4-30C9-491F-8FB9-DF6449CDC0E3}.Release|x86.Build.0 = Release|x86
	EndGlobalSection
	GlobalSection(SolutionProperties) = preSolution
		HideSolutionNode = FALSE
	EndGlobalSection
EndGlobal
