
Microsoft Visual Studio Solution File, Format Version 11.00
# Visual Studio 2010
Project("{FAE04EC0-301F-11D3-BF4B-00C04F79EFBC}") = "codeding.Articles.DynamicDataGrid", "codeding.Articles.DynamicDataGrid\codeding.Articles.DynamicDataGrid.csproj", "{32428D49-93BD-47CF-8928-51251B9960F0}"
EndProject
Project("{FAE04EC0-301F-11D3-BF4B-00C04F79EFBC}") = "codeding.Articles.DynamicDataGrid.Web", "codeding.Articles.DynamicDataGrid.Web\codeding.Articles.DynamicDataGrid.Web.csproj", "{93F3A748-F424-4BD6-AC68-55F52C998CF4}"
EndProject
Global
	GlobalSection(SolutionConfigurationPlatforms) = preSolution
		Debug|Any CPU = Debug|Any CPU
		Release|Any CPU = Release|Any CPU
	EndGlobalSection
	GlobalSection(ProjectConfigurationPlatforms) = postSolution
		{32428D49-93BD-47CF-8928-51251B9960F0}.Debug|Any CPU.ActiveCfg = Debug|Any CPU
		{32428D49-93BD-47CF-8928-51251B9960F0}.Debug|Any CPU.Build.0 = Debug|Any CPU
		{32428D49-93BD-47CF-8928-51251B9960F0}.Release|Any CPU.ActiveCfg = Release|Any CPU
		{32428D49-93BD-47CF-8928-51251B9960F0}.Release|Any CPU.Build.0 = Release|Any CPU
		{93F3A748-F424-4BD6-AC68-55F52C998CF4}.Debug|Any CPU.ActiveCfg = Debug|Any CPU
		{93F3A748-F424-4BD6-AC68-55F52C998CF4}.Debug|Any CPU.Build.0 = Debug|Any CPU
		{93F3A748-F424-4BD6-AC68-55F52C998CF4}.Release|Any CPU.ActiveCfg = Release|Any CPU
		{93F3A748-F424-4BD6-AC68-55F52C998CF4}.Release|Any CPU.Build.0 = Release|Any CPU
	EndGlobalSection
	GlobalSection(SolutionProperties) = preSolution
		HideSolutionNode = FALSE
	EndGlobalSection
EndGlobal
